# This file is @generated by PDM.
# It is not intended for manual editing.

[metadata]
groups = ["default"]
strategy = ["cross_platform", "inherit_metadata"]
lock_version = "4.4.1"
content_hash = "sha256:e7d29e64a65ebb182a185be3e566e4718c9a43cbc97f00ae9f6874a9654dabd7"

[[package]]
name = "coloredlogs"
version = "15.0.1"
requires_python = ">=2.7, !=3.0.*, !=3.1.*, !=3.2.*, !=3.3.*, !=3.4.*"
summary = "Colored terminal output for Python's logging module"
groups = ["default"]
dependencies = [
    "humanfriendly>=9.1",
]
files = [
    {file = "coloredlogs-15.0.1-py2.py3-none-any.whl", hash = "sha256:612ee75c546f53e92e70049c9dbfcc18c935a2b9a53b66085ce9ef6a6e5c0934"},
    {file = "coloredlogs-15.0.1.tar.gz", hash = "sha256:7c991aa71a4577af2f82600d8f8f3a89f936baeaf9b50a9c197da014e5bf16b0"},
]

[[package]]
name = "humanfriendly"
version = "10.0"
requires_python = ">=2.7, !=3.0.*, !=3.1.*, !=3.2.*, !=3.3.*, !=3.4.*"
summary = "Human friendly output for text interfaces using Python"
groups = ["default"]
dependencies = [
    "pyreadline3; sys_platform == \"win32\" and python_version >= \"3.8\"",
]
files = [
    {file = "humanfriendly-10.0-py2.py3-none-any.whl", hash = "sha256:1697e1a8a8f550fd43c2865cd84542fc175a61dcb779b6fee18cf6b6ccba1477"},
    {file = "humanfriendly-10.0.tar.gz", hash = "sha256:6b0b831ce8f15f7300721aa49829fc4e83921a9a301cc7f606be6686a2288ddc"},
]

[[package]]
name = "numpy"
version = "1.26.4"
requires_python = ">=3.9"
summary = "Fundamental package for array computing in Python"
groups = ["default"]
files = [
    {file = "numpy-1.26.4-cp311-cp311-macosx_10_9_x86_64.whl", hash = "sha256:4c66707fabe114439db9068ee468c26bbdf909cac0fb58686a42a24de1760c71"},
    {file = "numpy-1.26.4-cp311-cp311-macosx_11_0_arm64.whl", hash = "sha256:edd8b5fe47dab091176d21bb6de568acdd906d1887a4584a15a9a96a1dca06ef"},
    {file = "numpy-1.26.4-cp311-cp311-manylinux_2_17_aarch64.manylinux2014_aarch64.whl", hash = "sha256:7ab55401287bfec946ced39700c053796e7cc0e3acbef09993a9ad2adba6ca6e"},
    {file = "numpy-1.26.4-cp311-cp311-manylinux_2_17_x86_64.manylinux2014_x86_64.whl", hash = "sha256:666dbfb6ec68962c033a450943ded891bed2d54e6755e35e5835d63f4f6931d5"},
    {file = "numpy-1.26.4-cp311-cp311-musllinux_1_1_aarch64.whl", hash = "sha256:96ff0b2ad353d8f990b63294c8986f1ec3cb19d749234014f4e7eb0112ceba5a"},
    {file = "numpy-1.26.4-cp311-cp311-musllinux_1_1_x86_64.whl", hash = "sha256:60dedbb91afcbfdc9bc0b1f3f402804070deed7392c23eb7a7f07fa857868e8a"},
    {file = "numpy-1.26.4-cp311-cp311-win32.whl", hash = "sha256:1af303d6b2210eb850fcf03064d364652b7120803a0b872f5211f5234b399f20"},
    {file = "numpy-1.26.4-cp311-cp311-win_amd64.whl", hash = "sha256:cd25bcecc4974d09257ffcd1f098ee778f7834c3ad767fe5db785be9a4aa9cb2"},
    {file = "numpy-1.26.4-cp312-cp312-macosx_10_9_x86_64.whl", hash = "sha256:b3ce300f3644fb06443ee2222c2201dd3a89ea6040541412b8fa189341847218"},
    {file = "numpy-1.26.4-cp312-cp312-macosx_11_0_arm64.whl", hash = "sha256:03a8c78d01d9781b28a6989f6fa1bb2c4f2d51201cf99d3dd875df6fbd96b23b"},
    {file = "numpy-1.26.4-cp312-cp312-manylinux_2_17_aarch64.manylinux2014_aarch64.whl", hash = "sha256:9fad7dcb1aac3c7f0584a5a8133e3a43eeb2fe127f47e3632d43d677c66c102b"},
    {file = "numpy-1.26.4-cp312-cp312-manylinux_2_17_x86_64.manylinux2014_x86_64.whl", hash = "sha256:675d61ffbfa78604709862923189bad94014bef562cc35cf61d3a07bba02a7ed"},
    {file = "numpy-1.26.4-cp312-cp312-musllinux_1_1_aarch64.whl", hash = "sha256:ab47dbe5cc8210f55aa58e4805fe224dac469cde56b9f731a4c098b91917159a"},
    {file = "numpy-1.26.4-cp312-cp312-musllinux_1_1_x86_64.whl", hash = "sha256:1dda2e7b4ec9dd512f84935c5f126c8bd8b9f2fc001e9f54af255e8c5f16b0e0"},
    {file = "numpy-1.26.4-cp312-cp312-win32.whl", hash = "sha256:50193e430acfc1346175fcbdaa28ffec49947a06918b7b92130744e81e640110"},
    {file = "numpy-1.26.4-cp312-cp312-win_amd64.whl", hash = "sha256:08beddf13648eb95f8d867350f6a018a4be2e5ad54c8d8caed89ebca558b2818"},
    {file = "numpy-1.26.4-pp39-pypy39_pp73-macosx_10_9_x86_64.whl", hash = "sha256:afedb719a9dcfc7eaf2287b839d8198e06dcd4cb5d276a3df279231138e83d30"},
    {file = "numpy-1.26.4-pp39-pypy39_pp73-manylinux_2_17_x86_64.manylinux2014_x86_64.whl", hash = "sha256:95a7476c59002f2f6c590b9b7b998306fba6a5aa646b1e22ddfeaf8f78c3a29c"},
    {file = "numpy-1.26.4-pp39-pypy39_pp73-win_amd64.whl", hash = "sha256:7e50d0a0cc3189f9cb0aeb3a6a6af18c16f59f004b866cd2be1c14b36134a4a0"},
    {file = "numpy-1.26.4.tar.gz", hash = "sha256:2a02aba9ed12e4ac4eb3ea9421c420301a0c6460d9830d74a9df87efa4912010"},
]

[[package]]
name = "opencv-python-headless"
version = "4.9.0.80"
requires_python = ">=3.6"
summary = "Wrapper package for OpenCV python bindings."
groups = ["default"]
dependencies = [
    "numpy>=1.17.0; python_version >= \"3.7\"",
    "numpy>=1.17.3; python_version >= \"3.8\"",
    "numpy>=1.19.3; python_version >= \"3.6\" and platform_system == \"Linux\" and platform_machine == \"aarch64\"",
    "numpy>=1.19.3; python_version >= \"3.9\"",
    "numpy>=1.21.2; python_version >= \"3.10\"",
    "numpy>=1.21.4; python_version >= \"3.10\" and platform_system == \"Darwin\"",
    "numpy>=1.23.5; python_version >= \"3.11\"",
    "numpy>=1.26.0; python_version >= \"3.12\"",
]
files = [
    {file = "opencv-python-headless-4.9.0.80.tar.gz", hash = "sha256:71a4cd8cf7c37122901d8e81295db7fb188730e33a0e40039a4e59c1030b0958"},
    {file = "opencv_python_headless-4.9.0.80-cp37-abi3-macosx_10_16_x86_64.whl", hash = "sha256:2ea8a2edc4db87841991b2fbab55fc07b97ecb602e0f47d5d485bd75cee17c1a"},
    {file = "opencv_python_headless-4.9.0.80-cp37-abi3-macosx_11_0_arm64.whl", hash = "sha256:e0ee54e27be493e8f7850847edae3128e18b540dac1d7b2e4001b8944e11e1c6"},
    {file = "opencv_python_headless-4.9.0.80-cp37-abi3-manylinux_2_17_aarch64.manylinux2014_aarch64.whl", hash = "sha256:57ce2865e8fec431c6f97a81e9faaf23fa5be61011d0a75ccf47a3c0d65fa73d"},
    {file = "opencv_python_headless-4.9.0.80-cp37-abi3-manylinux_2_17_x86_64.manylinux2014_x86_64.whl", hash = "sha256:976656362d68d9f40a5c66f83901430538002465f7db59142784f3893918f3df"},
    {file = "opencv_python_headless-4.9.0.80-cp37-abi3-win32.whl", hash = "sha256:11e3849d83e6651d4e7699aadda9ec7ed7c38957cbbcb99db074f2a2d2de9670"},
    {file = "opencv_python_headless-4.9.0.80-cp37-abi3-win_amd64.whl", hash = "sha256:a8056c2cb37cd65dfcdf4153ca16f7362afcf3a50d600d6bb69c660fc61ee29c"},
]

[[package]]
name = "pyapriltags"
version = "3.3.0.3"
summary = "Python bindings for the Apriltags library"
groups = ["default"]
dependencies = [
    "numpy",
]
files = [
    {file = "pyapriltags-3.3.0.3-py3-none-macosx_11_0_arm64.whl", hash = "sha256:f55ccd25301b7aff416dfee45026a50589e5d5bd12f546a884c936850f1e64e2"},
    {file = "pyapriltags-3.3.0.3-py3-none-macosx_11_0_x86_64.whl", hash = "sha256:c5dc0e0e0e75910c2302f940f0850bcf1e28c9500bc47b49d95ade195461ae63"},
    {file = "pyapriltags-3.3.0.3-py3-none-manylinux2010_x86_64.whl", hash = "sha256:bd8831e01c5a1910655d7f4781f4535fff2d4d4a96ee1874b70cf6fda7e43b03"},
    {file = "pyapriltags-3.3.0.3-py3-none-manylinux2014_aarch64.whl", hash = "sha256:b20469a61989e4c3fa155ed4a39a785f5498369ca1a84e5623da10ba9e24dec7"},
    {file = "pyapriltags-3.3.0.3-py3-none-manylinux2014_armv7l.whl", hash = "sha256:ecb6ea0620a888a042940ad69850f5925ac8cc9e00524da9655b344f7133f3b3"},
    {file = "pyapriltags-3.3.0.3-py3-none-win_amd64.whl", hash = "sha256:65753ea23a0b72b52c268363570f4029bb230d19989c678a461ba72588707ce0"},
]

[[package]]
name = "pyreadline3"
version = "3.4.1"
summary = "A python implementation of GNU readline."
groups = ["default"]
marker = "sys_platform == \"win32\" and python_version >= \"3.8\""
files = [
    {file = "pyreadline3-3.4.1-py3-none-any.whl", hash = "sha256:b0efb6516fd4fb07b45949053826a62fa4cb353db5be2bbb4a7aa1fdd1e345fb"},
    {file = "pyreadline3-3.4.1.tar.gz", hash = "sha256:6f3d1f7b8a31ba32b73917cefc1f28cc660562f39aea8646d30bd6eff21f7bae"},
]
